// !$*UTF8*$!
{
	archiveVersion = 1;
	classes = {
	};
	objectVersion = 46;
	objects = {

/* Begin PBXBuildFile section */
		CE106B8A1EE96B5F00799305 /* SocketIOManager.swift in Sources */ = {isa = PBXBuildFile; fileRef = CE106B891EE96B5F00799305 /* SocketIOManager.swift */; };
		CE106B8C1EE9792C00799305 /* FirebaseManager.swift in Sources */ = {isa = PBXBuildFile; fileRef = CE106B8B1EE9792C00799305 /* FirebaseManager.swift */; };
		CE106B8E1EE97A4D00799305 /* HideKeyboardExtension.swift in Sources */ = {isa = PBXBuildFile; fileRef = CE106B8D1EE97A4D00799305 /* HideKeyboardExtension.swift */; };
		CE106B901EE97B5700799305 /* AlertExtension.swift in Sources */ = {isa = PBXBuildFile; fileRef = CE106B8F1EE97B5700799305 /* AlertExtension.swift */; };
		CE106B921EE97C9500799305 /* GoogleService-Info.plist in Resources */ = {isa = PBXBuildFile; fileRef = CE106B911EE97C9500799305 /* GoogleService-Info.plist */; };
		CE106B941EE987D700799305 /* SlidelistViewController.swift in Sources */ = {isa = PBXBuildFile; fileRef = CE106B931EE987D700799305 /* SlidelistViewController.swift */; };
		CE106B961EE98B6500799305 /* SlideTableViewCell.swift in Sources */ = {isa = PBXBuildFile; fileRef = CE106B951EE98B6500799305 /* SlideTableViewCell.swift */; };
		CE42047C1EFBE955005955B7 /* LectureHistoryViewController.swift in Sources */ = {isa = PBXBuildFile; fileRef = CE42047B1EFBE955005955B7 /* LectureHistoryViewController.swift */; };
		CE4204801EFBEB09005955B7 /* LecturerHistoryTableViewCell.swift in Sources */ = {isa = PBXBuildFile; fileRef = CE42047F1EFBEB09005955B7 /* LecturerHistoryTableViewCell.swift */; };
		CE4204821EFC01ED005955B7 /* LectureHistorySlideViewController.swift in Sources */ = {isa = PBXBuildFile; fileRef = CE4204811EFC01ED005955B7 /* LectureHistorySlideViewController.swift */; };
		CE8520B91EF14C760034DCC2 /* WaitingViewController.swift in Sources */ = {isa = PBXBuildFile; fileRef = CE8520B81EF14C760034DCC2 /* WaitingViewController.swift */; };
		CE8520BB1EF165560034DCC2 /* LecturerSlideViewController.swift in Sources */ = {isa = PBXBuildFile; fileRef = CE8520BA1EF165560034DCC2 /* LecturerSlideViewController.swift */; };
		CE97D50F1EF29D8D0039BCF8 /* Slide.swift in Sources */ = {isa = PBXBuildFile; fileRef = CE97D50E1EF29D8D0039BCF8 /* Slide.swift */; };
		CE9D01791EE82AD2005CD1D5 /* AppDelegate.swift in Sources */ = {isa = PBXBuildFile; fileRef = CE9D01781EE82AD2005CD1D5 /* AppDelegate.swift */; };
		CE9D017B1EE82AD2005CD1D5 /* LoginViewController.swift in Sources */ = {isa = PBXBuildFile; fileRef = CE9D017A1EE82AD2005CD1D5 /* LoginViewController.swift */; };
		CE9D017E1EE82AD2005CD1D5 /* Main.storyboard in Resources */ = {isa = PBXBuildFile; fileRef = CE9D017C1EE82AD2005CD1D5 /* Main.storyboard */; };
		CE9D01801EE82AD2005CD1D5 /* Assets.xcassets in Resources */ = {isa = PBXBuildFile; fileRef = CE9D017F1EE82AD2005CD1D5 /* Assets.xcassets */; };
		CE9D01831EE82AD2005CD1D5 /* LaunchScreen.storyboard in Resources */ = {isa = PBXBuildFile; fileRef = CE9D01811EE82AD2005CD1D5 /* LaunchScreen.storyboard */; };
		CE9D018B1EE82B45005CD1D5 /* RegisterViewController.swift in Sources */ = {isa = PBXBuildFile; fileRef = CE9D018A1EE82B45005CD1D5 /* RegisterViewController.swift */; };
		CE9D018F1EE8A5CC005CD1D5 /* webViewExtension.swift in Sources */ = {isa = PBXBuildFile; fileRef = CE9D018E1EE8A5CC005CD1D5 /* webViewExtension.swift */; };
		CEA07D311EE8B12600142EC5 /* SlideViewController.swift in Sources */ = {isa = PBXBuildFile; fileRef = CEA07D301EE8B12600142EC5 /* SlideViewController.swift */; };
		CEAE35E21EF94E370072DF18 /* StudentSettingsViewController.swift in Sources */ = {isa = PBXBuildFile; fileRef = CEAE35E11EF94E370072DF18 /* StudentSettingsViewController.swift */; };
		CEAE35E41EF950100072DF18 /* LecturerSettingsViewController.swift in Sources */ = {isa = PBXBuildFile; fileRef = CEAE35E31EF950100072DF18 /* LecturerSettingsViewController.swift */; };
		F30106CE0947A9F64655DC9B /* Pods_SlideFeedback.framework in Frameworks */ = {isa = PBXBuildFile; fileRef = AF09D8CFDB1A4708FE8EB179 /* Pods_SlideFeedback.framework */; };
/* End PBXBuildFile section */

/* Begin PBXFileReference section */
		60F933A8129712BD126426F4 /* Pods-SlideFeedback.release.xcconfig */ = {isa = PBXFileReference; includeInIndex = 1; lastKnownFileType = text.xcconfig; name = "Pods-SlideFeedback.release.xcconfig"; path = "Pods/Target Support Files/Pods-SlideFeedback/Pods-SlideFeedback.release.xcconfig"; sourceTree = "<group>"; };
		AF09D8CFDB1A4708FE8EB179 /* Pods_SlideFeedback.framework */ = {isa = PBXFileReference; explicitFileType = wrapper.framework; includeInIndex = 0; path = Pods_SlideFeedback.framework; sourceTree = BUILT_PRODUCTS_DIR; };
		C9C3E75D267EE3E31C10D47E /* Pods-SlideFeedback.debug.xcconfig */ = {isa = PBXFileReference; includeInIndex = 1; lastKnownFileType = text.xcconfig; name = "Pods-SlideFeedback.debug.xcconfig"; path = "Pods/Target Support Files/Pods-SlideFeedback/Pods-SlideFeedback.debug.xcconfig"; sourceTree = "<group>"; };
		CE106B891EE96B5F00799305 /* SocketIOManager.swift */ = {isa = PBXFileReference; fileEncoding = 4; lastKnownFileType = sourcecode.swift; path = SocketIOManager.swift; sourceTree = "<group>"; };
		CE106B8B1EE9792C00799305 /* FirebaseManager.swift */ = {isa = PBXFileReference; fileEncoding = 4; lastKnownFileType = sourcecode.swift; path = FirebaseManager.swift; sourceTree = "<group>"; };
		CE106B8D1EE97A4D00799305 /* HideKeyboardExtension.swift */ = {isa = PBXFileReference; fileEncoding = 4; lastKnownFileType = sourcecode.swift; path = HideKeyboardExtension.swift; sourceTree = "<group>"; };
		CE106B8F1EE97B5700799305 /* AlertExtension.swift */ = {isa = PBXFileReference; fileEncoding = 4; lastKnownFileType = sourcecode.swift; path = AlertExtension.swift; sourceTree = "<group>"; };
		CE106B911EE97C9500799305 /* GoogleService-Info.plist */ = {isa = PBXFileReference; fileEncoding = 4; lastKnownFileType = text.plist.xml; path = "GoogleService-Info.plist"; sourceTree = "<group>"; };
		CE106B931EE987D700799305 /* SlidelistViewController.swift */ = {isa = PBXFileReference; fileEncoding = 4; lastKnownFileType = sourcecode.swift; path = SlidelistViewController.swift; sourceTree = "<group>"; };
		CE106B951EE98B6500799305 /* SlideTableViewCell.swift */ = {isa = PBXFileReference; fileEncoding = 4; lastKnownFileType = sourcecode.swift; path = SlideTableViewCell.swift; sourceTree = "<group>"; };
		CE42047B1EFBE955005955B7 /* LectureHistoryViewController.swift */ = {isa = PBXFileReference; fileEncoding = 4; lastKnownFileType = sourcecode.swift; path = LectureHistoryViewController.swift; sourceTree = "<group>"; };
		CE42047F1EFBEB09005955B7 /* LecturerHistoryTableViewCell.swift */ = {isa = PBXFileReference; fileEncoding = 4; lastKnownFileType = sourcecode.swift; path = LecturerHistoryTableViewCell.swift; sourceTree = "<group>"; };
		CE4204811EFC01ED005955B7 /* LectureHistorySlideViewController.swift */ = {isa = PBXFileReference; fileEncoding = 4; lastKnownFileType = sourcecode.swift; path = LectureHistorySlideViewController.swift; sourceTree = "<group>"; };
		CE8520B81EF14C760034DCC2 /* WaitingViewController.swift */ = {isa = PBXFileReference; fileEncoding = 4; lastKnownFileType = sourcecode.swift; path = WaitingViewController.swift; sourceTree = "<group>"; };
		CE8520BA1EF165560034DCC2 /* LecturerSlideViewController.swift */ = {isa = PBXFileReference; fileEncoding = 4; lastKnownFileType = sourcecode.swift; path = LecturerSlideViewController.swift; sourceTree = "<group>"; };
		CE97D50E1EF29D8D0039BCF8 /* Slide.swift */ = {isa = PBXFileReference; fileEncoding = 4; lastKnownFileType = sourcecode.swift; path = Slide.swift; sourceTree = "<group>"; };
		CE9D01751EE82AD2005CD1D5 /* SlideFeedback.app */ = {isa = PBXFileReference; explicitFileType = wrapper.application; includeInIndex = 0; path = SlideFeedback.app; sourceTree = BUILT_PRODUCTS_DIR; };
		CE9D01781EE82AD2005CD1D5 /* AppDelegate.swift */ = {isa = PBXFileReference; lastKnownFileType = sourcecode.swift; path = AppDelegate.swift; sourceTree = "<group>"; };
		CE9D017A1EE82AD2005CD1D5 /* LoginViewController.swift */ = {isa = PBXFileReference; lastKnownFileType = sourcecode.swift; path = LoginViewController.swift; sourceTree = "<group>"; };
		CE9D017D1EE82AD2005CD1D5 /* Base */ = {isa = PBXFileReference; lastKnownFileType = file.storyboard; name = Base; path = Base.lproj/Main.storyboard; sourceTree = "<group>"; };
		CE9D017F1EE82AD2005CD1D5 /* Assets.xcassets */ = {isa = PBXFileReference; lastKnownFileType = folder.assetcatalog; path = Assets.xcassets; sourceTree = "<group>"; };
		CE9D01821EE82AD2005CD1D5 /* Base */ = {isa = PBXFileReference; lastKnownFileType = file.storyboard; name = Base; path = Base.lproj/LaunchScreen.storyboard; sourceTree = "<group>"; };
		CE9D01841EE82AD2005CD1D5 /* Info.plist */ = {isa = PBXFileReference; lastKnownFileType = text.plist.xml; path = Info.plist; sourceTree = "<group>"; };
		CE9D018A1EE82B45005CD1D5 /* RegisterViewController.swift */ = {isa = PBXFileReference; fileEncoding = 4; lastKnownFileType = sourcecode.swift; path = RegisterViewController.swift; sourceTree = "<group>"; };
		CE9D018E1EE8A5CC005CD1D5 /* webViewExtension.swift */ = {isa = PBXFileReference; fileEncoding = 4; lastKnownFileType = sourcecode.swift; path = webViewExtension.swift; sourceTree = "<group>"; };
		CEA07D301EE8B12600142EC5 /* SlideViewController.swift */ = {isa = PBXFileReference; fileEncoding = 4; lastKnownFileType = sourcecode.swift; path = SlideViewController.swift; sourceTree = "<group>"; };
		CEAE35E11EF94E370072DF18 /* StudentSettingsViewController.swift */ = {isa = PBXFileReference; fileEncoding = 4; lastKnownFileType = sourcecode.swift; path = StudentSettingsViewController.swift; sourceTree = "<group>"; };
		CEAE35E31EF950100072DF18 /* LecturerSettingsViewController.swift */ = {isa = PBXFileReference; fileEncoding = 4; lastKnownFileType = sourcecode.swift; path = LecturerSettingsViewController.swift; sourceTree = "<group>"; };
/* End PBXFileReference section */

/* Begin PBXFrameworksBuildPhase section */
		CE9D01721EE82AD2005CD1D5 /* Frameworks */ = {
			isa = PBXFrameworksBuildPhase;
			buildActionMask = 2147483647;
			files = (
				F30106CE0947A9F64655DC9B /* Pods_SlideFeedback.framework in Frameworks */,
			);
			runOnlyForDeploymentPostprocessing = 0;
		};
/* End PBXFrameworksBuildPhase section */

/* Begin PBXGroup section */
		CE4204831EFFF589005955B7 /* Lecturer */ = {
			isa = PBXGroup;
			children = (
				CE4204811EFC01ED005955B7 /* LectureHistorySlideViewController.swift */,
				CE42047B1EFBE955005955B7 /* LectureHistoryViewController.swift */,
				CEAE35E31EF950100072DF18 /* LecturerSettingsViewController.swift */,
				CE8520BA1EF165560034DCC2 /* LecturerSlideViewController.swift */,
				CE8520B81EF14C760034DCC2 /* WaitingViewController.swift */,
			);
			name = Lecturer;
			sourceTree = "<group>";
		};
		CE4204841EFFF59D005955B7 /* Student */ = {
			isa = PBXGroup;
			children = (
				CEAE35E11EF94E370072DF18 /* StudentSettingsViewController.swift */,
				CEA07D301EE8B12600142EC5 /* SlideViewController.swift */,
				CE106B931EE987D700799305 /* SlidelistViewController.swift */,
			);
			name = Student;
			sourceTree = "<group>";
		};
		CE97D5101EF2AF360039BCF8 /* ViewControllers */ = {
			isa = PBXGroup;
			children = (
				CE4204841EFFF59D005955B7 /* Student */,
				CE4204831EFFF589005955B7 /* Lecturer */,
				CE9D017A1EE82AD2005CD1D5 /* LoginViewController.swift */,
				CE9D018A1EE82B45005CD1D5 /* RegisterViewController.swift */,
			);
			name = ViewControllers;
			sourceTree = "<group>";
		};
		CE97D5111EF2AF840039BCF8 /* Models */ = {
			isa = PBXGroup;
			children = (
				CE106B8B1EE9792C00799305 /* FirebaseManager.swift */,
				CE106B891EE96B5F00799305 /* SocketIOManager.swift */,
				CE97D50E1EF29D8D0039BCF8 /* Slide.swift */,
			);
			name = Models;
			sourceTree = "<group>";
		};
		CE97D5121EF2AF890039BCF8 /* Extensions */ = {
			isa = PBXGroup;
			children = (
				CE9D018E1EE8A5CC005CD1D5 /* webViewExtension.swift */,
				CE106B8D1EE97A4D00799305 /* HideKeyboardExtension.swift */,
				CE106B8F1EE97B5700799305 /* AlertExtension.swift */,
			);
			name = Extensions;
			sourceTree = "<group>";
		};
		CE9D016C1EE82AD2005CD1D5 = {
			isa = PBXGroup;
			children = (
				CE9D01771EE82AD2005CD1D5 /* SlideFeedback */,
				CE9D01761EE82AD2005CD1D5 /* Products */,
				F1E4EAA39E0C782B60F0B85C /* Pods */,
				DAB632ACE29A04D914DDC339 /* Frameworks */,
			);
			sourceTree = "<group>";
		};
		CE9D01761EE82AD2005CD1D5 /* Products */ = {
			isa = PBXGroup;
			children = (
				CE9D01751EE82AD2005CD1D5 /* SlideFeedback.app */,
			);
			name = Products;
			sourceTree = "<group>";
		};
		CE9D01771EE82AD2005CD1D5 /* SlideFeedback */ = {
			isa = PBXGroup;
			children = (
				CE42047F1EFBEB09005955B7 /* LecturerHistoryTableViewCell.swift */,
				CE9D01781EE82AD2005CD1D5 /* AppDelegate.swift */,
				CE106B951EE98B6500799305 /* SlideTableViewCell.swift */,
				CE9D017C1EE82AD2005CD1D5 /* Main.storyboard */,
				CE97D5101EF2AF360039BCF8 /* ViewControllers */,
				CE97D5111EF2AF840039BCF8 /* Models */,
				CE97D5121EF2AF890039BCF8 /* Extensions */,
				CE9D017F1EE82AD2005CD1D5 /* Assets.xcassets */,
				CE9D01811EE82AD2005CD1D5 /* LaunchScreen.storyboard */,
				CE106B911EE97C9500799305 /* GoogleService-Info.plist */,
				CE9D01841EE82AD2005CD1D5 /* Info.plist */,
			);
			path = SlideFeedback;
			sourceTree = "<group>";
		};
		DAB632ACE29A04D914DDC339 /* Frameworks */ = {
			isa = PBXGroup;
			children = (
				AF09D8CFDB1A4708FE8EB179 /* Pods_SlideFeedback.framework */,
			);
			name = Frameworks;
			sourceTree = "<group>";
		};
		F1E4EAA39E0C782B60F0B85C /* Pods */ = {
			isa = PBXGroup;
			children = (
				C9C3E75D267EE3E31C10D47E /* Pods-SlideFeedback.debug.xcconfig */,
				60F933A8129712BD126426F4 /* Pods-SlideFeedback.release.xcconfig */,
			);
			name = Pods;
			sourceTree = "<group>";
		};
/* End PBXGroup section */

/* Begin PBXNativeTarget section */
		CE9D01741EE82AD2005CD1D5 /* SlideFeedback */ = {
			isa = PBXNativeTarget;
			buildConfigurationList = CE9D01871EE82AD2005CD1D5 /* Build configuration list for PBXNativeTarget "SlideFeedback" */;
			buildPhases = (
				6730C6BEDC81ACC9C552013B /* [CP] Check Pods Manifest.lock */,
				CE9D01711EE82AD2005CD1D5 /* Sources */,
				CE9D01721EE82AD2005CD1D5 /* Frameworks */,
				CE9D01731EE82AD2005CD1D5 /* Resources */,
				883CE4D0E56D4AEB7D76B38A /* [CP] Embed Pods Frameworks */,
				D13C558FF7CA90C6C0DFCEE6 /* [CP] Copy Pods Resources */,
			);
			buildRules = (
			);
			dependencies = (
			);
			name = SlideFeedback;
			productName = SlideFeedback;
			productReference = CE9D01751EE82AD2005CD1D5 /* SlideFeedback.app */;
			productType = "com.apple.product-type.application";
		};
/* End PBXNativeTarget section */

/* Begin PBXProject section */
		CE9D016D1EE82AD2005CD1D5 /* Project object */ = {
			isa = PBXProject;
			attributes = {
				LastSwiftUpdateCheck = 0830;
				LastUpgradeCheck = 0830;
				ORGANIZATIONNAME = "Thomas Kamps";
				TargetAttributes = {
					CE9D01741EE82AD2005CD1D5 = {
						CreatedOnToolsVersion = 8.3.2;
						DevelopmentTeam = 4W94L64SGM;
						ProvisioningStyle = Automatic;
					};
				};
			};
			buildConfigurationList = CE9D01701EE82AD2005CD1D5 /* Build configuration list for PBXProject "SlideFeedback" */;
			compatibilityVersion = "Xcode 3.2";
			developmentRegion = English;
			hasScannedForEncodings = 0;
			knownRegions = (
				en,
				Base,
			);
			mainGroup = CE9D016C1EE82AD2005CD1D5;
			productRefGroup = CE9D01761EE82AD2005CD1D5 /* Products */;
			projectDirPath = "";
			projectRoot = "";
			targets = (
				CE9D01741EE82AD2005CD1D5 /* SlideFeedback */,
			);
		};
/* End PBXProject section */

/* Begin PBXResourcesBuildPhase section */
		CE9D01731EE82AD2005CD1D5 /* Resources */ = {
			isa = PBXResourcesBuildPhase;
			buildActionMask = 2147483647;
			files = (
				CE9D01831EE82AD2005CD1D5 /* LaunchScreen.storyboard in Resources */,
				CE106B921EE97C9500799305 /* GoogleService-Info.plist in Resources */,
				CE9D01801EE82AD2005CD1D5 /* Assets.xcassets in Resources */,
				CE9D017E1EE82AD2005CD1D5 /* Main.storyboard in Resources */,
			);
			runOnlyForDeploymentPostprocessing = 0;
		};
/* End PBXResourcesBuildPhase section */

/* Begin PBXShellScriptBuildPhase section */
		6730C6BEDC81ACC9C552013B /* [CP] Check Pods Manifest.lock */ = {
			isa = PBXShellScriptBuildPhase;
			buildActionMask = 2147483647;
			files = (
			);
			inputPaths = (
			);
			name = "[CP] Check Pods Manifest.lock";
			outputPaths = (
			);
			runOnlyForDeploymentPostprocessing = 0;
			shellPath = /bin/sh;
			shellScript = "diff \"${PODS_ROOT}/../Podfile.lock\" \"${PODS_ROOT}/Manifest.lock\" > /dev/null\nif [ $? != 0 ] ; then\n    # print error to STDERR\n    echo \"error: The sandbox is not in sync with the Podfile.lock. Run 'pod install' or update your CocoaPods installation.\" >&2\n    exit 1\nfi\n";
			showEnvVarsInLog = 0;
		};
		883CE4D0E56D4AEB7D76B38A /* [CP] Embed Pods Frameworks */ = {
			isa = PBXShellScriptBuildPhase;
			buildActionMask = 2147483647;
			files = (
			);
			inputPaths = (
			);
			name = "[CP] Embed Pods Frameworks";
			outputPaths = (
			);
			runOnlyForDeploymentPostprocessing = 0;
			shellPath = /bin/sh;
			shellScript = "\"${SRCROOT}/Pods/Target Support Files/Pods-SlideFeedback/Pods-SlideFeedback-frameworks.sh\"\n";
			showEnvVarsInLog = 0;
		};
		D13C558FF7CA90C6C0DFCEE6 /* [CP] Copy Pods Resources */ = {
			isa = PBXShellScriptBuildPhase;
			buildActionMask = 2147483647;
			files = (
			);
			inputPaths = (
			);
			name = "[CP] Copy Pods Resources";
			outputPaths = (
			);
			runOnlyForDeploymentPostprocessing = 0;
			shellPath = /bin/sh;
			shellScript = "\"${SRCROOT}/Pods/Target Support Files/Pods-SlideFeedback/Pods-SlideFeedback-resources.sh\"\n";
			showEnvVarsInLog = 0;
		};
/* End PBXShellScriptBuildPhase section */

/* Begin PBXSourcesBuildPhase section */
		CE9D01711EE82AD2005CD1D5 /* Sources */ = {
			isa = PBXSourcesBuildPhase;
			buildActionMask = 2147483647;
			files = (
				CE9D018F1EE8A5CC005CD1D5 /* webViewExtension.swift in Sources */,
				CEA07D311EE8B12600142EC5 /* SlideViewController.swift in Sources */,
				CE106B961EE98B6500799305 /* SlideTableViewCell.swift in Sources */,
				CE8520BB1EF165560034DCC2 /* LecturerSlideViewController.swift in Sources */,
				CE4204801EFBEB09005955B7 /* LecturerHistoryTableViewCell.swift in Sources */,
				CE106B941EE987D700799305 /* SlidelistViewController.swift in Sources */,
				CEAE35E41EF950100072DF18 /* LecturerSettingsViewController.swift in Sources */,
				CEAE35E21EF94E370072DF18 /* StudentSettingsViewController.swift in Sources */,
				CE4204821EFC01ED005955B7 /* LectureHistorySlideViewController.swift in Sources */,
				CE42047C1EFBE955005955B7 /* LectureHistoryViewController.swift in Sources */,
				CE106B8C1EE9792C00799305 /* FirebaseManager.swift in Sources */,
				CE9D018B1EE82B45005CD1D5 /* RegisterViewController.swift in Sources */,
				CE9D017B1EE82AD2005CD1D5 /* LoginViewController.swift in Sources */,
				CE106B8A1EE96B5F00799305 /* SocketIOManager.swift in Sources */,
				CE8520B91EF14C760034DCC2 /* WaitingViewController.swift in Sources */,
				CE106B8E1EE97A4D00799305 /* HideKeyboardExtension.swift in Sources */,
				CE97D50F1EF29D8D0039BCF8 /* Slide.swift in Sources */,
				CE106B901EE97B5700799305 /* AlertExtension.swift in Sources */,
				CE9D01791EE82AD2005CD1D5 /* AppDelegate.swift in Sources */,
			);
			runOnlyForDeploymentPostprocessing = 0;
		};
/* End PBXSourcesBuildPhase section */

/* Begin PBXVariantGroup section */
		CE9D017C1EE82AD2005CD1D5 /* Main.storyboard */ = {
			isa = PBXVariantGroup;
			children = (
				CE9D017D1EE82AD2005CD1D5 /* Base */,
			);
			name = Main.storyboard;
			sourceTree = "<group>";
		};
		CE9D01811EE82AD2005CD1D5 /* LaunchScreen.storyboard */ = {
			isa = PBXVariantGroup;
			children = (
				CE9D01821EE82AD2005CD1D5 /* Base */,
			);
			name = LaunchScreen.storyboard;
			sourceTree = "<group>";
		};
/* End PBXVariantGroup section */

/* Begin XCBuildConfiguration section */
		CE9D01851EE82AD2005CD1D5 /* Debug */ = {
			isa = XCBuildConfiguration;
			buildSettings = {
				ALWAYS_SEARCH_USER_PATHS = NO;
				CLANG_ANALYZER_NONNULL = YES;
				CLANG_ANALYZER_NUMBER_OBJECT_CONVERSION = YES_AGGRESSIVE;
				CLANG_CXX_LANGUAGE_STANDARD = "gnu++0x";
				CLANG_CXX_LIBRARY = "libc++";
				CLANG_ENABLE_MODULES = YES;
				CLANG_ENABLE_OBJC_ARC = YES;
				CLANG_WARN_BOOL_CONVERSION = YES;
				CLANG_WARN_CONSTANT_CONVERSION = YES;
				CLANG_WARN_DIRECT_OBJC_ISA_USAGE = YES_ERROR;
				CLANG_WARN_DOCUMENTATION_COMMENTS = YES;
				CLANG_WARN_EMPTY_BODY = YES;
				CLANG_WARN_ENUM_CONVERSION = YES;
				CLANG_WARN_INFINITE_RECURSION = YES;
				CLANG_WARN_INT_CONVERSION = YES;
				CLANG_WARN_OBJC_ROOT_CLASS = YES_ERROR;
				CLANG_WARN_SUSPICIOUS_MOVE = YES;
				CLANG_WARN_UNREACHABLE_CODE = YES;
				CLANG_WARN__DUPLICATE_METHOD_MATCH = YES;
				"CODE_SIGN_IDENTITY[sdk=iphoneos*]" = "iPhone Developer";
				COPY_PHASE_STRIP = NO;
				DEBUG_INFORMATION_FORMAT = dwarf;
				ENABLE_STRICT_OBJC_MSGSEND = YES;
				ENABLE_TESTABILITY = YES;
				GCC_C_LANGUAGE_STANDARD = gnu99;
				GCC_DYNAMIC_NO_PIC = NO;
				GCC_NO_COMMON_BLOCKS = YES;
				GCC_OPTIMIZATION_LEVEL = 0;
				GCC_PREPROCESSOR_DEFINITIONS = (
					"DEBUG=1",
					"$(inherited)",
				);
				GCC_WARN_64_TO_32_BIT_CONVERSION = YES;
				GCC_WARN_ABOUT_RETURN_TYPE = YES_ERROR;
				GCC_WARN_UNDECLARED_SELECTOR = YES;
				GCC_WARN_UNINITIALIZED_AUTOS = YES_AGGRESSIVE;
				GCC_WARN_UNUSED_FUNCTION = YES;
				GCC_WARN_UNUSED_VARIABLE = YES;
				IPHONEOS_DEPLOYMENT_TARGET = 10.3;
				MTL_ENABLE_DEBUG_INFO = YES;
				ONLY_ACTIVE_ARCH = YES;
				SDKROOT = iphoneos;
				SWIFT_ACTIVE_COMPILATION_CONDITIONS = DEBUG;
				SWIFT_OPTIMIZATION_LEVEL = "-Onone";
				TARGETED_DEVICE_FAMILY = "1,2";
			};
			name = Debug;
		};
		CE9D01861EE82AD2005CD1D5 /* Release */ = {
			isa = XCBuildConfiguration;
			buildSettings = {
				ALWAYS_SEARCH_USER_PATHS = NO;
				CLANG_ANALYZER_NONNULL = YES;
				CLANG_ANALYZER_NUMBER_OBJECT_CONVERSION = YES_AGGRESSIVE;
				CLANG_CXX_LANGUAGE_STANDARD = "gnu++0x";
				CLANG_CXX_LIBRARY = "libc++";
				CLANG_ENABLE_MODULES = YES;
				CLANG_ENABLE_OBJC_ARC = YES;
				CLANG_WARN_BOOL_CONVERSION = YES;
				CLANG_WARN_CONSTANT_CONVERSION = YES;
				CLANG_WARN_DIRECT_OBJC_ISA_USAGE = YES_ERROR;
				CLANG_WARN_DOCUMENTATION_COMMENTS = YES;
				CLANG_WARN_EMPTY_BODY = YES;
				CLANG_WARN_ENUM_CONVERSION = YES;
				CLANG_WARN_INFINITE_RECURSION = YES;
				CLANG_WARN_INT_CONVERSION = YES;
				CLANG_WARN_OBJC_ROOT_CLASS = YES_ERROR;
				CLANG_WARN_SUSPICIOUS_MOVE = YES;
				CLANG_WARN_UNREACHABLE_CODE = YES;
				CLANG_WARN__DUPLICATE_METHOD_MATCH = YES;
				"CODE_SIGN_IDENTITY[sdk=iphoneos*]" = "iPhone Developer";
				COPY_PHASE_STRIP = NO;
				DEBUG_INFORMATION_FORMAT = "dwarf-with-dsym";
				ENABLE_NS_ASSERTIONS = NO;
				ENABLE_STRICT_OBJC_MSGSEND = YES;
				GCC_C_LANGUAGE_STANDARD = gnu99;
				GCC_NO_COMMON_BLOCKS = YES;
				GCC_WARN_64_TO_32_BIT_CONVERSION = YES;
				GCC_WARN_ABOUT_RETURN_TYPE = YES_ERROR;
				GCC_WARN_UNDECLARED_SELECTOR = YES;
				GCC_WARN_UNINITIALIZED_AUTOS = YES_AGGRESSIVE;
				GCC_WARN_UNUSED_FUNCTION = YES;
				GCC_WARN_UNUSED_VARIABLE = YES;
				IPHONEOS_DEPLOYMENT_TARGET = 10.3;
				MTL_ENABLE_DEBUG_INFO = NO;
				SDKROOT = iphoneos;
				SWIFT_OPTIMIZATION_LEVEL = "-Owholemodule";
				TARGETED_DEVICE_FAMILY = "1,2";
				VALIDATE_PRODUCT = YES;
			};
			name = Release;
		};
		CE9D01881EE82AD2005CD1D5 /* Debug */ = {
			isa = XCBuildConfiguration;
			baseConfigurationReference = C9C3E75D267EE3E31C10D47E /* Pods-SlideFeedback.debug.xcconfig */;
			buildSettings = {
				ASSETCATALOG_COMPILER_APPICON_NAME = AppIcon;
				DEVELOPMENT_TEAM = 4W94L64SGM;
				INFOPLIST_FILE = SlideFeedback/Info.plist;
				IPHONEOS_DEPLOYMENT_TARGET = 9.3;
				LD_RUNPATH_SEARCH_PATHS = "$(inherited) @executable_path/Frameworks";
				PRODUCT_BUNDLE_IDENTIFIER = nl.mprog.SlideFeedback;
				PRODUCT_NAME = "$(TARGET_NAME)";
				SWIFT_VERSION = 3.0;
			};
			name = Debug;
		};
		CE9D01891EE82AD2005CD1D5 /* Release */ = {
			isa = XCBuildConfiguration;
			baseConfigurationReference = 60F933A8129712BD126426F4 /* Pods-SlideFeedback.release.xcconfig */;
			buildSettings = {
				ASSETCATALOG_COMPILER_APPICON_NAME = AppIcon;
				DEVELOPMENT_TEAM = 4W94L64SGM;
				INFOPLIST_FILE = SlideFeedback/Info.plist;
				IPHONEOS_DEPLOYMENT_TARGET = 9.3;
				LD_RUNPATH_SEARCH_PATHS = "$(inherited) @executable_path/Frameworks";
				PRODUCT_BUNDLE_IDENTIFIER = nl.mprog.SlideFeedback;
				PRODUCT_NAME = "$(TARGET_NAME)";
				SWIFT_VERSION = 3.0;
			};
			name = Release;
		};
/* End XCBuildConfiguration section */

/* Begin XCConfigurationList section */
		CE9D01701EE82AD2005CD1D5 /* Build configuration list for PBXProject "SlideFeedback" */ = {
			isa = XCConfigurationList;
			buildConfigurations = (
				CE9D01851EE82AD2005CD1D5 /* Debug */,
				CE9D01861EE82AD2005CD1D5 /* Release */,
			);
			defaultConfigurationIsVisible = 0;
			defaultConfigurationName = Release;
		};
		CE9D01871EE82AD2005CD1D5 /* Build configuration list for PBXNativeTarget "SlideFeedback" */ = {
			isa = XCConfigurationList;
			buildConfigurations = (
				CE9D01881EE82AD2005CD1D5 /* Debug */,
				CE9D01891EE82AD2005CD1D5 /* Release */,
			);
			defaultConfigurationIsVisible = 0;
			defaultConfigurationName = Release;
		};
/* End XCConfigurationList section */
	};
	rootObject = CE9D016D1EE82AD2005CD1D5 /* Project object */;
}
